
Microsoft Visual Studio Solution File, Format Version 12.00
# Visual Studio 14
VisualStudioVersion = 14.0.25420.1
MinimumVisualStudioVersion = 10.0.40219.1
Project("{8BC9CEB8-8B4A-11D0-8D11-00A0C91BC942}") = "MFCDocViewTut", "MFCDocViewTut\MFCDocViewTut.vcxproj", "{D4534C10-3B0E-43A1-9516-5337BEEA8AB8}"
EndProject
Project("{8BC9CEB8-8B4A-11D0-8D11-00A0C91BC942}") = "CMHandler", "..\..\Camera\support_aQuynh_280k\350B_20190111_12\CMHandler\Framework\AAL\CMHandler\CMHandler\CMHandler.vcxproj", "{6F465828-A6AE-4D00-AF59-309FB9FAD7A0}"
EndProject
Global
	GlobalSection(SolutionConfigurationPlatforms) = preSolution
		Debug_Home_B|x64 = Debug_Home_B|x64
		Debug_Home_B|x86 = Debug_Home_B|x86
		Debug_Simulation|x64 = Debug_Simulation|x64
		Debug_Simulation|x86 = Debug_Simulation|x86
		Debug|x64 = Debug|x64
		Debug|x86 = Debug|x86
		Release|x64 = Release|x64
		Release|x86 = Release|x86
	EndGlobalSection
	GlobalSection(ProjectConfigurationPlatforms) = postSolution
		{D4534C10-3B0E-43A1-9516-5337BEEA8AB8}.Debug_Home_B|x64.ActiveCfg = Debug|x64
		{D4534C10-3B0E-43A1-9516-5337BEEA8AB8}.Debug_Home_B|x64.Build.0 = Debug|x64
		{D4534C10-3B0E-43A1-9516-5337BEEA8AB8}.Debug_Home_B|x86.ActiveCfg = Debug|Win32
		{D4534C10-3B0E-43A1-9516-5337BEEA8AB8}.Debug_Home_B|x86.Build.0 = Debug|Win32
		{D4534C10-3B0E-43A1-9516-5337BEEA8AB8}.Debug_Simulation|x64.ActiveCfg = Debug|x64
		{D4534C10-3B0E-43A1-9516-5337BEEA8AB8}.Debug_Simulation|x64.Build.0 = Debug|x64
		{D4534C10-3B0E-43A1-9516-5337BEEA8AB8}.Debug_Simulation|x86.ActiveCfg = Debug|Win32
		{D4534C10-3B0E-43A1-9516-5337BEEA8AB8}.Debug_Simulation|x86.Build.0 = Debug|Win32
		{D4534C10-3B0E-43A1-9516-5337BEEA8AB8}.Debug|x64.ActiveCfg = Debug|x64
		{D4534C10-3B0E-43A1-9516-5337BEEA8AB8}.Debug|x64.Build.0 = Debug|x64
		{D4534C10-3B0E-43A1-9516-5337BEEA8AB8}.Debug|x86.ActiveCfg = Debug|Win32
		{D4534C10-3B0E-43A1-9516-5337BEEA8AB8}.Debug|x86.Build.0 = Debug|Win32
		{D4534C10-3B0E-43A1-9516-5337BEEA8AB8}.Release|x64.ActiveCfg = Release|x64
		{D4534C10-3B0E-43A1-9516-5337BEEA8AB8}.Release|x64.Build.0 = Release|x64
		{D4534C10-3B0E-43A1-9516-5337BEEA8AB8}.Release|x86.ActiveCfg = Release|Win32
		{D4534C10-3B0E-43A1-9516-5337BEEA8AB8}.Release|x86.Build.0 = Release|Win32
		{6F465828-A6AE-4D00-AF59-309FB9FAD7A0}.Debug_Home_B|x64.ActiveCfg = Debug_Home_B|x64
		{6F465828-A6AE-4D00-AF59-309FB9FAD7A0}.Debug_Home_B|x64.Build.0 = Debug_Home_B|x64
		{6F465828-A6AE-4D00-AF59-309FB9FAD7A0}.Debug_Home_B|x86.ActiveCfg = Debug_Home_B|Win32
		{6F465828-A6AE-4D00-AF59-309FB9FAD7A0}.Debug_Home_B|x86.Build.0 = Debug_Home_B|Win32
		{6F465828-A6AE-4D00-AF59-309FB9FAD7A0}.Debug_Simulation|x64.ActiveCfg = Debug_Simulation|x64
		{6F465828-A6AE-4D00-AF59-309FB9FAD7A0}.Debug_Simulation|x64.Build.0 = Debug_Simulation|x64
		{6F465828-A6AE-4D00-AF59-309FB9FAD7A0}.Debug_Simulation|x86.ActiveCfg = Debug_Simulation|Win32
		{6F465828-A6AE-4D00-AF59-309FB9FAD7A0}.Debug_Simulation|x86.Build.0 = Debug_Simulation|Win32
		{6F465828-A6AE-4D00-AF59-309FB9FAD7A0}.Debug|x64.ActiveCfg = Debug|x64
		{6F465828-A6AE-4D00-AF59-309FB9FAD7A0}.Debug|x64.Build.0 = Debug|x64
		{6F465828-A6AE-4D00-AF59-309FB9FAD7A0}.Debug|x86.ActiveCfg = Debug|Win32
		{6F465828-A6AE-4D00-AF59-309FB9FAD7A0}.Debug|x86.Build.0 = Debug|Win32
		{6F465828-A6AE-4D00-AF59-309FB9FAD7A0}.Release|x64.ActiveCfg = Release|x64
		{6F465828-A6AE-4D00-AF59-309FB9FAD7A0}.Release|x64.Build.0 = Release|x64
		{6F465828-A6AE-4D00-AF59-309FB9FAD7A0}.Release|x86.ActiveCfg = Release|Win32
		{6F465828-A6AE-4D00-AF59-309FB9FAD7A0}.Release|x86.Build.0 = Release|Win32
	EndGlobalSection
	GlobalSection(SolutionProperties) = preSolution
		HideSolutionNode = FALSE
	EndGlobalSection
EndGlobal
